// !$*UTF8*$!
{
	archiveVersion = 1;
	classes = {
	};
	objectVersion = 55;
	objects = {

/* Begin PBXBuildFile section */
		CE08063C2865AE8200005030 /* objectRecognitionApp_ML_App.swift in Sources */ = {isa = PBXBuildFile; fileRef = CE08063B2865AE8200005030 /* objectRecognitionApp_ML_App.swift */; };
		CE08063E2865AE8200005030 /* ContentView.swift in Sources */ = {isa = PBXBuildFile; fileRef = CE08063D2865AE8200005030 /* ContentView.swift */; };
		CE0806402865AE8400005030 /* Assets.xcassets in Resources */ = {isa = PBXBuildFile; fileRef = CE08063F2865AE8400005030 /* Assets.xcassets */; };
		CE0806432865AE8400005030 /* Preview Assets.xcassets in Resources */ = {isa = PBXBuildFile; fileRef = CE0806422865AE8400005030 /* Preview Assets.xcassets */; };
		CE08064C2865AEDA00005030 /* ImageSelector.swift in Sources */ = {isa = PBXBuildFile; fileRef = CE0806492865AEDA00005030 /* ImageSelector.swift */; };
		CE08064D2865AEDA00005030 /* ImageRecognizer.swift in Sources */ = {isa = PBXBuildFile; fileRef = CE08064A2865AEDA00005030 /* ImageRecognizer.swift */; };
		CE08064E2865AEDA00005030 /* MyImageResearcher.swift in Sources */ = {isa = PBXBuildFile; fileRef = CE08064B2865AEDA00005030 /* MyImageResearcher.swift */; };
		CE0806502865AEE900005030 /* MobileNetV2.mlmodel in Sources */ = {isa = PBXBuildFile; fileRef = CE08064F2865AEE900005030 /* MobileNetV2.mlmodel */; };
/* End PBXBuildFile section */

/* Begin PBXFileReference section */
		CE0806382865AE8200005030 /* objectRecognitionApp(ML).app */ = {isa = PBXFileReference; explicitFileType = wrapper.application; includeInIndex = 0; path = "objectRecognitionApp(ML).app"; sourceTree = BUILT_PRODUCTS_DIR; };
		CE08063B2865AE8200005030 /* objectRecognitionApp_ML_App.swift */ = {isa = PBXFileReference; lastKnownFileType = sourcecode.swift; path = objectRecognitionApp_ML_App.swift; sourceTree = "<group>"; };
		CE08063D2865AE8200005030 /* ContentView.swift */ = {isa = PBXFileReference; lastKnownFileType = sourcecode.swift; path = ContentView.swift; sourceTree = "<group>"; };
		CE08063F2865AE8400005030 /* Assets.xcassets */ = {isa = PBXFileReference; lastKnownFileType = folder.assetcatalog; path = Assets.xcassets; sourceTree = "<group>"; };
		CE0806422865AE8400005030 /* Preview Assets.xcassets */ = {isa = PBXFileReference; lastKnownFileType = folder.assetcatalog; path = "Preview Assets.xcassets"; sourceTree = "<group>"; };
		CE0806492865AEDA00005030 /* ImageSelector.swift */ = {isa = PBXFileReference; fileEncoding = 4; lastKnownFileType = sourcecode.swift; path = ImageSelector.swift; sourceTree = "<group>"; };
		CE08064A2865AEDA00005030 /* ImageRecognizer.swift */ = {isa = PBXFileReference; fileEncoding = 4; lastKnownFileType = sourcecode.swift; path = ImageRecognizer.swift; sourceTree = "<group>"; };
		CE08064B2865AEDA00005030 /* MyImageResearcher.swift */ = {isa = PBXFileReference; fileEncoding = 4; lastKnownFileType = sourcecode.swift; path = MyImageResearcher.swift; sourceTree = "<group>"; };
		CE08064F2865AEE900005030 /* MobileNetV2.mlmodel */ = {isa = PBXFileReference; lastKnownFileType = file.mlmodel; path = MobileNetV2.mlmodel; sourceTree = "<group>"; };
/* End PBXFileReference section */

/* Begin PBXFrameworksBuildPhase section */
		CE0806352865AE8200005030 /* Frameworks */ = {
			isa = PBXFrameworksBuildPhase;
			buildActionMask = 2147483647;
			files = (
			);
			runOnlyForDeploymentPostprocessing = 0;
		};
/* End PBXFrameworksBuildPhase section */

/* Begin PBXGroup section */
		CE08062F2865AE8200005030 = {
			isa = PBXGroup;
			children = (
				CE08063A2865AE8200005030 /* objectRecognitionApp(ML) */,
				CE0806392865AE8200005030 /* Products */,
			);
			sourceTree = "<group>";
		};
		CE0806392865AE8200005030 /* Products */ = {
			isa = PBXGroup;
			children = (
				CE0806382865AE8200005030 /* objectRecognitionApp(ML).app */,
			);
			name = Products;
			sourceTree = "<group>";
		};
		CE08063A2865AE8200005030 /* objectRecognitionApp(ML) */ = {
			isa = PBXGroup;
			children = (
				CE08064F2865AEE900005030 /* MobileNetV2.mlmodel */,
				CE08063B2865AE8200005030 /* objectRecognitionApp_ML_App.swift */,
				CE08063D2865AE8200005030 /* ContentView.swift */,
				CE08064A2865AEDA00005030 /* ImageRecognizer.swift */,
				CE0806492865AEDA00005030 /* ImageSelector.swift */,
				CE08064B2865AEDA00005030 /* MyImageResearcher.swift */,
				CE08063F2865AE8400005030 /* Assets.xcassets */,
				CE0806412865AE8400005030 /* Preview Content */,
			);
			path = "objectRecognitionApp(ML)";
			sourceTree = "<group>";
		};
		CE0806412865AE8400005030 /* Preview Content */ = {
			isa = PBXGroup;
			children = (
				CE0806422865AE8400005030 /* Preview Assets.xcassets */,
			);
			path = "Preview Content";
			sourceTree = "<group>";
		};
/* End PBXGroup section */

/* Begin PBXNativeTarget section */
		CE0806372865AE8200005030 /* objectRecognitionApp(ML) */ = {
			isa = PBXNativeTarget;
			buildConfigurationList = CE0806462865AE8400005030 /* Build configuration list for PBXNativeTarget "objectRecognitionApp(ML)" */;
			buildPhases = (
				CE0806342865AE8200005030 /* Sources */,
				CE0806352865AE8200005030 /* Frameworks */,
				CE0806362865AE8200005030 /* Resources */,
			);
			buildRules = (
			);
			dependencies = (
			);
			name = "objectRecognitionApp(ML)";
			productName = "objectRecognitionApp(ML)";
			productReference = CE0806382865AE8200005030 /* objectRecognitionApp(ML).app */;
			productType = "com.apple.product-type.application";
		};
/* End PBXNativeTarget section */

/* Begin PBXProject section */
		CE0806302865AE8200005030 /* Project object */ = {
			isa = PBXProject;
			attributes = {
				BuildIndependentTargetsInParallel = 1;
				LastSwiftUpdateCheck = 1340;
				LastUpgradeCheck = 1340;
				TargetAttributes = {
					CE0806372865AE8200005030 = {
						CreatedOnToolsVersion = 13.4;
					};
				};
			};
			buildConfigurationList = CE0806332865AE8200005030 /* Build configuration list for PBXProject "objectRecognitionApp(ML)" */;
			compatibilityVersion = "Xcode 13.0";
			developmentRegion = en;
			hasScannedForEncodings = 0;
			knownRegions = (
				en,
				Base,
			);
			mainGroup = CE08062F2865AE8200005030;
			productRefGroup = CE0806392865AE8200005030 /* Products */;
			projectDirPath = "";
			projectRoot = "";
			targets = (
				CE0806372865AE8200005030 /* objectRecognitionApp(ML) */,
			);
		};
/* End PBXProject section */

/* Begin PBXResourcesBuildPhase section */
		CE0806362865AE8200005030 /* Resources */ = {
			isa = PBXResourcesBuildPhase;
			buildActionMask = 2147483647;
			files = (
				CE0806432865AE8400005030 /* Preview Assets.xcassets in Resources */,
				CE0806402865AE8400005030 /* Assets.xcassets in Resources */,
			);
			runOnlyForDeploymentPostprocessing = 0;
		};
/* End PBXResourcesBuildPhase section */

/* Begin PBXSourcesBuildPhase section */
		CE0806342865AE8200005030 /* Sources */ = {
			isa = PBXSourcesBuildPhase;
			buildActionMask = 2147483647;
			files = (
				CE0806502865AEE900005030 /* MobileNetV2.mlmodel in Sources */,
				CE08063E2865AE8200005030 /* ContentView.swift in Sources */,
				CE08064C2865AEDA00005030 /* ImageSelector.swift in Sources */,
				CE08063C2865AE8200005030 /* objectRecognitionApp_ML_App.swift in Sources */,
				CE08064E2865AEDA00005030 /* MyImageResearcher.swift in Sources */,
				CE08064D2865AEDA00005030 /* ImageRecognizer.swift in Sources */,
			);
			runOnlyForDeploymentPostprocessing = 0;
		};
/* End PBXSourcesBuildPhase section */

/* Begin XCBuildConfiguration section */
		CE0806442865AE8400005030 /* Debug */ = {
			isa = XCBuildConfiguration;
			buildSettings = {
				ALWAYS_SEARCH_USER_PATHS = NO;
				CLANG_ANALYZER_NONNULL = YES;
				CLANG_ANALYZER_NUMBER_OBJECT_CONVERSION = YES_AGGRESSIVE;
				CLANG_CXX_LANGUAGE_STANDARD = "gnu++17";
				CLANG_ENABLE_MODULES = YES;
				CLANG_ENABLE_OBJC_ARC = YES;
				CLANG_ENABLE_OBJC_WEAK = YES;
				CLANG_WARN_BLOCK_CAPTURE_AUTORELEASING = YES;
				CLANG_WARN_BOOL_CONVERSION = YES;
				CLANG_WARN_COMMA = YES;
				CLANG_WARN_CONSTANT_CONVERSION = YES;
				CLANG_WARN_DEPRECATED_OBJC_IMPLEMENTATIONS = YES;
				CLANG_WARN_DIRECT_OBJC_ISA_USAGE = YES_ERROR;
				CLANG_WARN_DOCUMENTATION_COMMENTS = YES;
				CLANG_WARN_EMPTY_BODY = YES;
				CLANG_WARN_ENUM_CONVERSION = YES;
				CLANG_WARN_INFINITE_RECURSION = YES;
				CLANG_WARN_INT_CONVERSION = YES;
				CLANG_WARN_NON_LITERAL_NULL_CONVERSION = YES;
				CLANG_WARN_OBJC_IMPLICIT_RETAIN_SELF = YES;
				CLANG_WARN_OBJC_LITERAL_CONVERSION = YES;
				CLANG_WARN_OBJC_ROOT_CLASS = YES_ERROR;
				CLANG_WARN_QUOTED_INCLUDE_IN_FRAMEWORK_HEADER = YES;
				CLANG_WARN_RANGE_LOOP_ANALYSIS = YES;
				CLANG_WARN_STRICT_PROTOTYPES = YES;
				CLANG_WARN_SUSPICIOUS_MOVE = YES;
				CLANG_WARN_UNGUARDED_AVAILABILITY = YES_AGGRESSIVE;
				CLANG_WARN_UNREACHABLE_CODE = YES;
				CLANG_WARN__DUPLICATE_METHOD_MATCH = YES;
				COPY_PHASE_STRIP = NO;
				DEBUG_INFORMATION_FORMAT = dwarf;
				ENABLE_STRICT_OBJC_MSGSEND = YES;
				ENABLE_TESTABILITY = YES;
				GCC_C_LANGUAGE_STANDARD = gnu11;
				GCC_DYNAMIC_NO_PIC = NO;
				GCC_NO_COMMON_BLOCKS = YES;
				GCC_OPTIMIZATION_LEVEL = 0;
				GCC_PREPROCESSOR_DEFINITIONS = (
					"DEBUG=1",
					"$(inherited)",
				);
				GCC_WARN_64_TO_32_BIT_CONVERSION = YES;
				GCC_WARN_ABOUT_RETURN_TYPE = YES_ERROR;
				GCC_WARN_UNDECLARED_SELECTOR = YES;
				GCC_WARN_UNINITIALIZED_AUTOS = YES_AGGRESSIVE;
				GCC_WARN_UNUSED_FUNCTION = YES;
				GCC_WARN_UNUSED_VARIABLE = YES;
				IPHONEOS_DEPLOYMENT_TARGET = 15.5;
				MTL_ENABLE_DEBUG_INFO = INCLUDE_SOURCE;
				MTL_FAST_MATH = YES;
				ONLY_ACTIVE_ARCH = YES;
				SDKROOT = iphoneos;
				SWIFT_ACTIVE_COMPILATION_CONDITIONS = DEBUG;
				SWIFT_OPTIMIZATION_LEVEL = "-Onone";
			};
			name = Debug;
		};
		CE0806452865AE8400005030 /* Release */ = {
			isa = XCBuildConfiguration;
			buildSettings = {
				ALWAYS_SEARCH_USER_PATHS = NO;
				CLANG_ANALYZER_NONNULL = YES;
				CLANG_ANALYZER_NUMBER_OBJECT_CONVERSION = YES_AGGRESSIVE;
				CLANG_CXX_LANGUAGE_STANDARD = "gnu++17";
				CLANG_ENABLE_MODULES = YES;
				CLANG_ENABLE_OBJC_ARC = YES;
				CLANG_ENABLE_OBJC_WEAK = YES;
				CLANG_WARN_BLOCK_CAPTURE_AUTORELEASING = YES;
				CLANG_WARN_BOOL_CONVERSION = YES;
				CLANG_WARN_COMMA = YES;
				CLANG_WARN_CONSTANT_CONVERSION = YES;
				CLANG_WARN_DEPRECATED_OBJC_IMPLEMENTATIONS = YES;
				CLANG_WARN_DIRECT_OBJC_ISA_USAGE = YES_ERROR;
				CLANG_WARN_DOCUMENTATION_COMMENTS = YES;
				CLANG_WARN_EMPTY_BODY = YES;
				CLANG_WARN_ENUM_CONVERSION = YES;
				CLANG_WARN_INFINITE_RECURSION = YES;
				CLANG_WARN_INT_CONVERSION = YES;
				CLANG_WARN_NON_LITERAL_NULL_CONVERSION = YES;
				CLANG_WARN_OBJC_IMPLICIT_RETAIN_SELF = YES;
				CLANG_WARN_OBJC_LITERAL_CONVERSION = YES;
				CLANG_WARN_OBJC_ROOT_CLASS = YES_ERROR;
				CLANG_WARN_QUOTED_INCLUDE_IN_FRAMEWORK_HEADER = YES;
				CLANG_WARN_RANGE_LOOP_ANALYSIS = YES;
				CLANG_WARN_STRICT_PROTOTYPES = YES;
				CLANG_WARN_SUSPICIOUS_MOVE = YES;
				CLANG_WARN_UNGUARDED_AVAILABILITY = YES_AGGRESSIVE;
				CLANG_WARN_UNREACHABLE_CODE = YES;
				CLANG_WARN__DUPLICATE_METHOD_MATCH = YES;
				COPY_PHASE_STRIP = NO;
				DEBUG_INFORMATION_FORMAT = "dwarf-with-dsym";
				ENABLE_NS_ASSERTIONS = NO;
				ENABLE_STRICT_OBJC_MSGSEND = YES;
				GCC_C_LANGUAGE_STANDARD = gnu11;
				GCC_NO_COMMON_BLOCKS = YES;
				GCC_WARN_64_TO_32_BIT_CONVERSION = YES;
				GCC_WARN_ABOUT_RETURN_TYPE = YES_ERROR;
				GCC_WARN_UNDECLARED_SELECTOR = YES;
				GCC_WARN_UNINITIALIZED_AUTOS = YES_AGGRESSIVE;
				GCC_WARN_UNUSED_FUNCTION = YES;
				GCC_WARN_UNUSED_VARIABLE = YES;
				IPHONEOS_DEPLOYMENT_TARGET = 15.5;
				MTL_ENABLE_DEBUG_INFO = NO;
				MTL_FAST_MATH = YES;
				SDKROOT = iphoneos;
				SWIFT_COMPILATION_MODE = wholemodule;
				SWIFT_OPTIMIZATION_LEVEL = "-O";
				VALIDATE_PRODUCT = YES;
			};
			name = Release;
		};
		CE0806472865AE8400005030 /* Debug */ = {
			isa = XCBuildConfiguration;
			buildSettings = {
				ASSETCATALOG_COMPILER_APPICON_NAME = AppIcon;
				ASSETCATALOG_COMPILER_GLOBAL_ACCENT_COLOR_NAME = AccentColor;
				CODE_SIGN_STYLE = Automatic;
				CURRENT_PROJECT_VERSION = 1;
				DEVELOPMENT_ASSET_PATHS = "\"objectRecognitionApp(ML)/Preview Content\"";
				DEVELOPMENT_TEAM = SCFZURSF4Z;
				ENABLE_PREVIEWS = YES;
				GENERATE_INFOPLIST_FILE = YES;
				INFOPLIST_KEY_NSCameraUsageDescription = "";
				INFOPLIST_KEY_UIApplicationSceneManifest_Generation = YES;
				INFOPLIST_KEY_UIApplicationSupportsIndirectInputEvents = YES;
				INFOPLIST_KEY_UILaunchScreen_Generation = YES;
				INFOPLIST_KEY_UISupportedInterfaceOrientations_iPad = "UIInterfaceOrientationPortrait UIInterfaceOrientationPortraitUpsideDown UIInterfaceOrientationLandscapeLeft UIInterfaceOrientationLandscapeRight";
				INFOPLIST_KEY_UISupportedInterfaceOrientations_iPhone = "UIInterfaceOrientationPortrait UIInterfaceOrientationLandscapeLeft UIInterfaceOrientationLandscapeRight";
				LD_RUNPATH_SEARCH_PATHS = (
					"$(inherited)",
					"@executable_path/Frameworks",
				);
				MARKETING_VERSION = 1.0;
				PRODUCT_BUNDLE_IDENTIFIER = "com.stefano.objectRecognitionApp-ML-";
				PRODUCT_NAME = "$(TARGET_NAME)";
				SWIFT_EMIT_LOC_STRINGS = YES;
				SWIFT_VERSION = 5.0;
				TARGETED_DEVICE_FAMILY = "1,2";
			};
			name = Debug;
		};
		CE0806482865AE8400005030 /* Release */ = {
			isa = XCBuildConfiguration;
			buildSettings = {
				ASSETCATALOG_COMPILER_APPICON_NAME = AppIcon;
				ASSETCATALOG_COMPILER_GLOBAL_ACCENT_COLOR_NAME = AccentColor;
				CODE_SIGN_STYLE = Automatic;
				CURRENT_PROJECT_VERSION = 1;
				DEVELOPMENT_ASSET_PATHS = "\"objectRecognitionApp(ML)/Preview Content\"";
				DEVELOPMENT_TEAM = SCFZURSF4Z;
				ENABLE_PREVIEWS = YES;
				GENERATE_INFOPLIST_FILE = YES;
				INFOPLIST_KEY_NSCameraUsageDescription = "";
				INFOPLIST_KEY_UIApplicationSceneManifest_Generation = YES;
				INFOPLIST_KEY_UIApplicationSupportsIndirectInputEvents = YES;
				INFOPLIST_KEY_UILaunchScreen_Generation = YES;
				INFOPLIST_KEY_UISupportedInterfaceOrientations_iPad = "UIInterfaceOrientationPortrait UIInterfaceOrientationPortraitUpsideDown UIInterfaceOrientationLandscapeLeft UIInterfaceOrientationLandscapeRight";
				INFOPLIST_KEY_UISupportedInterfaceOrientations_iPhone = "UIInterfaceOrientationPortrait UIInterfaceOrientationLandscapeLeft UIInterfaceOrientationLandscapeRight";
				LD_RUNPATH_SEARCH_PATHS = (
					"$(inherited)",
					"@executable_path/Frameworks",
				);
				MARKETING_VERSION = 1.0;
				PRODUCT_BUNDLE_IDENTIFIER = "com.stefano.objectRecognitionApp-ML-";
				PRODUCT_NAME = "$(TARGET_NAME)";
				SWIFT_EMIT_LOC_STRINGS = YES;
				SWIFT_VERSION = 5.0;
				TARGETED_DEVICE_FAMILY = "1,2";
			};
			name = Release;
		};
/* End XCBuildConfiguration section */

/* Begin XCConfigurationList section */
		CE0806332865AE8200005030 /* Build configuration list for PBXProject "objectRecognitionApp(ML)" */ = {
			isa = XCConfigurationList;
			buildConfigurations = (
				CE0806442865AE8400005030 /* Debug */,
				CE0806452865AE8400005030 /* Release */,
			);
			defaultConfigurationIsVisible = 0;
			defaultConfigurationName = Release;
		};
		CE0806462865AE8400005030 /* Build configuration list for PBXNativeTarget "objectRecognitionApp(ML)" */ = {
			isa = XCConfigurationList;
			buildConfigurations = (
				CE0806472865AE8400005030 /* Debug */,
				CE0806482865AE8400005030 /* Release */,
			);
			defaultConfigurationIsVisible = 0;
			defaultConfigurationName = Release;
		};
/* End XCConfigurationList section */
	};
	rootObject = CE0806302865AE8200005030 /* Project object */;
}
